
Microsoft Visual Studio Solution File, Format Version 12.00
# Visual Studio Version 16
VisualStudioVersion = 16.0.30204.135
MinimumVisualStudioVersion = 10.0.40219.1
Project("{FAE04EC0-301F-11D3-BF4B-00C04F79EFBC}") = "ElevenNote.WebMVC", "ElevenNote.WebMVC\ElevenNote.WebMVC.csproj", "{65253C87-99CD-4C31-91BC-096B0691BE2C}"
EndProject
Project("{FAE04EC0-301F-11D3-BF4B-00C04F79EFBC}") = "ElevenNote.Data", "ElevenNote.Data\ElevenNote.Data.csproj", "{02CA2720-8CAE-4B91-81A0-E257C1A4A49A}"
EndProject
Project("{FAE04EC0-301F-11D3-BF4B-00C04F79EFBC}") = "ElevenNote.Models", "ElevenNote.Models\ElevenNote.Models.csproj", "{32BBE5C0-FA6F-427E-BCAA-143115057ED8}"
EndProject
Project("{FAE04EC0-301F-11D3-BF4B-00C04F79EFBC}") = "ElevenNote.Services", "ElevenNote.Services\ElevenNote.Services.csproj", "{32AF8DA2-D1AA-41AA-BC11-DB9A59D437EE}"
EndProject
Global
	GlobalSection(SolutionConfigurationPlatforms) = preSolution
		Debug|Any CPU = Debug|Any CPU
		Release|Any CPU = Release|Any CPU
	EndGlobalSection
	GlobalSection(ProjectConfigurationPlatforms) = postSolution
		{65253C87-99CD-4C31-91BC-096B0691BE2C}.Debug|Any CPU.ActiveCfg = Debug|Any CPU
		{65253C87-99CD-4C31-91BC-096B0691BE2C}.Debug|Any CPU.Build.0 = Debug|Any CPU
		{65253C87-99CD-4C31-91BC-096B0691BE2C}.Release|Any CPU.ActiveCfg = Release|Any CPU
		{65253C87-99CD-4C31-91BC-096B0691BE2C}.Release|Any CPU.Build.0 = Release|Any CPU
		{02CA2720-8CAE-4B91-81A0-E257C1A4A49A}.Debug|Any CPU.ActiveCfg = Debug|Any CPU
		{02CA2720-8CAE-4B91-81A0-E257C1A4A49A}.Debug|Any CPU.Build.0 = Debug|Any CPU
		{02CA2720-8CAE-4B91-81A0-E257C1A4A49A}.Release|Any CPU.ActiveCfg = Release|Any CPU
		{02CA2720-8CAE-4B91-81A0-E257C1A4A49A}.Release|Any CPU.Build.0 = Release|Any CPU
		{32BBE5C0-FA6F-427E-BCAA-143115057ED8}.Debug|Any CPU.ActiveCfg = Debug|Any CPU
		{32BBE5C0-FA6F-427E-BCAA-143115057ED8}.Debug|Any CPU.Build.0 = Debug|Any CPU
		{32BBE5C0-FA6F-427E-BCAA-143115057ED8}.Release|Any CPU.ActiveCfg = Release|Any CPU
		{32BBE5C0-FA6F-427E-BCAA-143115057ED8}.Release|Any CPU.Build.0 = Release|Any CPU
		{32AF8DA2-D1AA-41AA-BC11-DB9A59D437EE}.Debug|Any CPU.ActiveCfg = Debug|Any CPU
		{32AF8DA2-D1AA-41AA-BC11-DB9A59D437EE}.Debug|Any CPU.Build.0 = Debug|Any CPU
		{32AF8DA2-D1AA-41AA-BC11-DB9A59D437EE}.Release|Any CPU.ActiveCfg = Release|Any CPU
		{32AF8DA2-D1AA-41AA-BC11-DB9A59D437EE}.Release|Any CPU.Build.0 = Release|Any CPU
	EndGlobalSection
	GlobalSection(SolutionProperties) = preSolution
		HideSolutionNode = FALSE
	EndGlobalSection
	GlobalSection(ExtensibilityGlobals) = postSolution
		SolutionGuid = {260B6ABD-3CE0-45BC-B8BE-5C896741EA7B}
	EndGlobalSection
EndGlobal
